# This file is autogenerated, do not edit; changes may be undone by the next 'dep ensure'.


[[projects]]
  branch = "master"
  name = "github.com/gokyle/twofactor"
  packages = ["."]
  revision = "eaad1884d40f9cabff98a57a524c17afd00c9fe7"

[[projects]]
  branch = "master"
  name = "github.com/mattn/go-zglob"
  packages = [
    ".",
    "fastwalk"
  ]
  revision = "cb5263554791976bf8cdd747c82355370893ecd7"

[[projects]]
  name = "github.com/renstrom/fuzzysearch"
  packages = ["fuzzy"]
  revision = "d4ca9dfccd55dc6b076f9880d49c35315922c1f4"
  version = "v1.0.0"

[[projects]]
  name = "github.com/sahilm/fuzzy"
  packages = ["."]
  revision = "0e1c4a4e1f632f936a5c0fa6176076eea01c054b"
  version = "v0.0.3"

[[projects]]
  branch = "master"
  name = "golang.org/x/sys"
  packages = ["unix"]
  revision = "83801418e1b59fb1880e363299581ee543af32ca"

[[projects]]
  branch = "master"
  name = "rsc.io/qr"
  packages = [
    ".",
    "coding",
    "gf256"
  ]
  revision = "48b2ede4844e13f1a2b7ce4d2529c9af7e359fc5"

[solve-meta]
  analyzer-name = "dep"
  analyzer-version = 1
  inputs-digest = "2127faf99d082ab05f16eb3309a4cd8807a7228bcb2dd121d5ca951ac4ce1092"
  solver-name = "gps-cdcl"
  solver-version = 1
